
Microsoft Visual Studio Solution File, Format Version 12.00
# Visual Studio Version 17
VisualStudioVersion = 17.5.002.0
MinimumVisualStudioVersion = 10.0.40219.1
Project("{9A19103F-16F7-4668-BE54-9A1E7A4F7556}") = "campaign-media-planning", "campaign-media-planning.csproj", "{264D1AE2-3809-4A69-9394-B7C966CFA765}"
EndProject
Project("{FAE04EC0-301F-11D3-BF4B-00C04F79EFBC}") = "campaign-media-planning-xunit", "campaign-media-planning-xunit\campaign-media-planning-xunit.csproj", "{810F03C4-DFA7-4FCC-BBF4-5ECF1E4321F2}"
EndProject
Global
	GlobalSection(SolutionConfigurationPlatforms) = preSolution
		Debug|Any CPU = Debug|Any CPU
		Release|Any CPU = Release|Any CPU
	EndGlobalSection
	GlobalSection(ProjectConfigurationPlatforms) = postSolution
		{264D1AE2-3809-4A69-9394-B7C966CFA765}.Debug|Any CPU.ActiveCfg = Debug|Any CPU
		{264D1AE2-3809-4A69-9394-B7C966CFA765}.Debug|Any CPU.Build.0 = Debug|Any CPU
		{264D1AE2-3809-4A69-9394-B7C966CFA765}.Release|Any CPU.ActiveCfg = Release|Any CPU
		{264D1AE2-3809-4A69-9394-B7C966CFA765}.Release|Any CPU.Build.0 = Release|Any CPU
		{810F03C4-DFA7-4FCC-BBF4-5ECF1E4321F2}.Debug|Any CPU.ActiveCfg = Debug|Any CPU
		{810F03C4-DFA7-4FCC-BBF4-5ECF1E4321F2}.Debug|Any CPU.Build.0 = Debug|Any CPU
		{810F03C4-DFA7-4FCC-BBF4-5ECF1E4321F2}.Release|Any CPU.ActiveCfg = Release|Any CPU
		{810F03C4-DFA7-4FCC-BBF4-5ECF1E4321F2}.Release|Any CPU.Build.0 = Release|Any CPU
	EndGlobalSection
	GlobalSection(SolutionProperties) = preSolution
		HideSolutionNode = FALSE
	EndGlobalSection
	GlobalSection(ExtensibilityGlobals) = postSolution
		SolutionGuid = {633B331C-D7FE-4AC1-8703-209A4293F810}
	EndGlobalSection
EndGlobal
