
Microsoft Visual Studio Solution File, Format Version 12.00
# Visual Studio Version 17
VisualStudioVersion = 17.5.002.0
MinimumVisualStudioVersion = 10.0.40219.1
Project("{9A19103F-16F7-4668-BE54-9A1E7A4F7556}") = "campaign-media-planning", "campaign-media-planning.csproj", "{575C8C07-390A-4839-B371-C21911F7F621}"
EndProject
Global
	GlobalSection(SolutionConfigurationPlatforms) = preSolution
		Debug|Any CPU = Debug|Any CPU
		Release|Any CPU = Release|Any CPU
	EndGlobalSection
	GlobalSection(ProjectConfigurationPlatforms) = postSolution
		{575C8C07-390A-4839-B371-C21911F7F621}.Debug|Any CPU.ActiveCfg = Debug|Any CPU
		{575C8C07-390A-4839-B371-C21911F7F621}.Debug|Any CPU.Build.0 = Debug|Any CPU
		{575C8C07-390A-4839-B371-C21911F7F621}.Release|Any CPU.ActiveCfg = Release|Any CPU
		{575C8C07-390A-4839-B371-C21911F7F621}.Release|Any CPU.Build.0 = Release|Any CPU
	EndGlobalSection
	GlobalSection(SolutionProperties) = preSolution
		HideSolutionNode = FALSE
	EndGlobalSection
	GlobalSection(ExtensibilityGlobals) = postSolution
		SolutionGuid = {633B331C-D7FE-4AC1-8703-209A4293F810}
	EndGlobalSection
EndGlobal
